<?xml version="1.0" encoding="utf-8"?>
<Project ToolsVersion="4.0" xmlns="http://schemas.microsoft.com/developer/msbuild/2003">
  <ItemGroup>
    <ClCompile Include="main.cpp" />
    <ClCompile Include="Engine.cpp">
      <Filter>MicroEngine</Filter>
    </ClCompile>
    <ClCompile Include="..\3rdparty\glad\gl.c">
      <Filter>MicroEngine\3rdparty</Filter>
    </ClCompile>
    <ClCompile Include="..\3rdparty\stb.cpp">
      <Filter>MicroEngine\3rdparty</Filter>
    </ClCompile>
    <ClCompile Include="..\3rdparty\tiny_obj_loader.cpp">
      <Filter>MicroEngine\3rdparty</Filter>
    </ClCompile>
    <ClCompile Include="..\3rdparty\glfwImpl.c">
      <Filter>MicroEngine\3rdparty</Filter>
    </ClCompile>
    <ClCompile Include="stdafx.cpp" />
    <ClCompile Include="3_Core.cpp">
      <Filter>MicroEngine\Engine</Filter>
    </ClCompile>
    <ClCompile Include="6_Platform.cpp">
      <Filter>MicroEngine\Engine</Filter>
    </ClCompile>
    <ClCompile Include="8_oRenderer.cpp">
      <Filter>MicroEngine\Engine</Filter>
    </ClCompile>
    <ClCompile Include="9_Graphics.cpp">
      <Filter>MicroEngine\Engine</Filter>
    </ClCompile>
    <ClCompile Include="13_Scene.cpp">
      <Filter>MicroEngine\Engine</Filter>
    </ClCompile>
    <ClCompile Include="8_Renderer.cpp">
      <Filter>MicroEngine\Engine</Filter>
    </ClCompile>
    <ClCompile Include="4_Math.cpp">
      <Filter>MicroEngine\Engine</Filter>
    </ClCompile>
    <ClCompile Include="..\3rdparty\GJKImpl.c">
      <Filter>MicroEngine\3rdparty</Filter>
    </ClCompile>
    <ClCompile Include="4_TempGJK.cpp">
      <Filter>MicroEngine\Engine</Filter>
    </ClCompile>
  </ItemGroup>
  <ItemGroup>
    <Filter Include="MicroEngine">
      <UniqueIdentifier>{9226570f-0c72-4013-b454-0697f540be56}</UniqueIdentifier>
    </Filter>
    <Filter Include="MicroEngine\3rdparty">
      <UniqueIdentifier>{86a6bab6-665f-43ea-ad04-d04d22e7bc8f}</UniqueIdentifier>
    </Filter>
    <Filter Include="MicroEngine\Engine">
      <UniqueIdentifier>{b42f46d1-9048-470e-9844-ffc7ad6d3ac7}</UniqueIdentifier>
    </Filter>
    <Filter Include="Test">
      <UniqueIdentifier>{91d5147d-f507-453d-bfc2-847de32dbeb6}</UniqueIdentifier>
    </Filter>
    <Filter Include="Game">
      <UniqueIdentifier>{c98ed44a-8da1-49fb-8216-8ac1dda2c1c6}</UniqueIdentifier>
    </Filter>
  </ItemGroup>
  <ItemGroup>
    <ClInclude Include="Engine.h">
      <Filter>MicroEngine</Filter>
    </ClInclude>
    <ClInclude Include="stdafx.h" />
    <ClInclude Include="1_BaseHeader.h">
      <Filter>MicroEngine\Engine</Filter>
    </ClInclude>
    <ClInclude Include="0_EngineConfig.h">
      <Filter>MicroEngine\Engine</Filter>
    </ClInclude>
    <ClInclude Include="2_Base.h">
      <Filter>MicroEngine\Engine</Filter>
    </ClInclude>
    <ClInclude Include="3_Core.h">
      <Filter>MicroEngine\Engine</Filter>
    </ClInclude>
    <ClInclude Include="4_Math.h">
      <Filter>MicroEngine\Engine</Filter>
    </ClInclude>
    <ClInclude Include="5_Utility.h">
      <Filter>MicroEngine\Engine</Filter>
    </ClInclude>
    <ClInclude Include="6_Platform.h">
      <Filter>MicroEngine\Engine</Filter>
    </ClInclude>
    <ClInclude Include="7_Audio.h">
      <Filter>MicroEngine\Engine</Filter>
    </ClInclude>
    <ClInclude Include="8_oRenderer.h">
      <Filter>MicroEngine\Engine</Filter>
    </ClInclude>
    <ClInclude Include="9_Graphics.h">
      <Filter>MicroEngine\Engine</Filter>
    </ClInclude>
    <ClInclude Include="10_Physics.h">
      <Filter>MicroEngine\Engine</Filter>
    </ClInclude>
    <ClInclude Include="13_Scene.h">
      <Filter>MicroEngine\Engine</Filter>
    </ClInclude>
    <ClInclude Include="14_World.h">
      <Filter>MicroEngine\Engine</Filter>
    </ClInclude>
    <ClInclude Include="11_UI.h">
      <Filter>MicroEngine\Engine</Filter>
    </ClInclude>
    <ClInclude Include="12_Navigation.h">
      <Filter>MicroEngine\Engine</Filter>
    </ClInclude>
    <ClInclude Include="LauncherApp.h" />
    <ClInclude Include="Test1Triangles.h">
      <Filter>Test</Filter>
    </ClInclude>
    <ClInclude Include="8_Renderer.h">
      <Filter>MicroEngine\Engine</Filter>
    </ClInclude>
    <ClInclude Include="DungeonCrawler.h">
      <Filter>Game</Filter>
    </ClInclude>
    <ClInclude Include="..\3rdparty\glmHeader.h">
      <Filter>MicroEngine\3rdparty</Filter>
    </ClInclude>
    <ClInclude Include="Test2TextureQuads.h">
      <Filter>Test</Filter>
    </ClInclude>
    <ClInclude Include="Test3Model.h">
      <Filter>Test</Filter>
    </ClInclude>
    <ClInclude Include="Test4ManyModels.h">
      <Filter>Test</Filter>
    </ClInclude>
  </ItemGroup>
  <ItemGroup>
    <None Include="4_Math.inl">
      <Filter>MicroEngine\Engine</Filter>
    </None>
  </ItemGroup>
</Project>