<?xml version="1.0" encoding="utf-8"?>
<Project ToolsVersion="4.0" xmlns="http://schemas.microsoft.com/developer/msbuild/2003">
  <ItemGroup>
    <ClCompile Include="main.cpp" />
    <ClCompile Include="stdafx.cpp" />
  </ItemGroup>
  <ItemGroup>
    <Filter Include="Test">
      <UniqueIdentifier>{91d5147d-f507-453d-bfc2-847de32dbeb6}</UniqueIdentifier>
    </Filter>
    <Filter Include="Game">
      <UniqueIdentifier>{c98ed44a-8da1-49fb-8216-8ac1dda2c1c6}</UniqueIdentifier>
    </Filter>
  </ItemGroup>
  <ItemGroup>
    <ClInclude Include="stdafx.h" />
    <ClInclude Include="LauncherApp.h" />
    <ClInclude Include="Test001Triangles.h">
      <Filter>Test</Filter>
    </ClInclude>
    <ClInclude Include="DungeonCrawler.h">
      <Filter>Game</Filter>
    </ClInclude>
    <ClInclude Include="Test002TextureQuads.h">
      <Filter>Test</Filter>
    </ClInclude>
    <ClInclude Include="Test003Model.h">
      <Filter>Test</Filter>
    </ClInclude>
    <ClInclude Include="Test004ManyModels.h">
      <Filter>Test</Filter>
    </ClInclude>
    <ClInclude Include="TestNNew.h">
      <Filter>Test</Filter>
    </ClInclude>
    <ClInclude Include="Test100SimpleCollisions.h">
      <Filter>Test</Filter>
    </ClInclude>
    <ClInclude Include="Test200PhysX.h">
      <Filter>Test</Filter>
    </ClInclude>
    <ClInclude Include="Test201Bullet.h">
      <Filter>Test</Filter>
    </ClInclude>
    <ClInclude Include="Test101SimpleFPS.h">
      <Filter>Test</Filter>
    </ClInclude>
    <ClInclude Include="Test202MicroPhys.h">
      <Filter>Test</Filter>
    </ClInclude>
    <ClInclude Include="temp.h" />
    <ClInclude Include="TestNNew2.h">
      <Filter>Test</Filter>
    </ClInclude>
  </ItemGroup>
</Project>