<?xml version="1.0" encoding="utf-8"?>
<Project ToolsVersion="4.0" xmlns="http://schemas.microsoft.com/developer/msbuild/2003">
  <ItemGroup>
    <ClCompile Include="main.cpp" />
    <ClCompile Include="stdafx.cpp" />
    <ClCompile Include="Sprite.cpp">
      <Filter>Framework</Filter>
    </ClCompile>
    <ClCompile Include="DrawHelper.cpp">
      <Filter>Framework</Filter>
    </ClCompile>
    <ClCompile Include="DrawTextHelper.cpp">
      <Filter>Framework</Filter>
    </ClCompile>
    <ClCompile Include="World.cpp">
      <Filter>World</Filter>
    </ClCompile>
    <ClCompile Include="Character.cpp">
      <Filter>World</Filter>
    </ClCompile>
    <ClCompile Include="MinimapRender.cpp">
      <Filter>Framework</Filter>
    </ClCompile>
    <ClCompile Include="GameStateManager.cpp">
      <Filter>GameState</Filter>
    </ClCompile>
    <ClCompile Include="GameExplorerState.cpp">
      <Filter>GameState</Filter>
    </ClCompile>
    <ClCompile Include="Map.cpp">
      <Filter>World</Filter>
    </ClCompile>
    <ClCompile Include="GameBattleState.cpp">
      <Filter>GameState</Filter>
    </ClCompile>
    <ClCompile Include="Npc.cpp">
      <Filter>World</Filter>
    </ClCompile>
    <ClCompile Include="GenerateMap.cpp">
      <Filter>World\Generator</Filter>
    </ClCompile>
    <ClCompile Include="privateGenerateMap.cpp">
      <Filter>World\Generator</Filter>
    </ClCompile>
  </ItemGroup>
  <ItemGroup>
    <Filter Include="Framework">
      <UniqueIdentifier>{ed00eadf-d9b7-4dca-b0df-4faab038f764}</UniqueIdentifier>
    </Filter>
    <Filter Include="World">
      <UniqueIdentifier>{0569972e-b30b-4477-ab6e-77301fce67c2}</UniqueIdentifier>
    </Filter>
    <Filter Include="GameState">
      <UniqueIdentifier>{8aceb007-42b3-4ed0-a05e-a2342df92e22}</UniqueIdentifier>
    </Filter>
    <Filter Include="World\Generator">
      <UniqueIdentifier>{26f67118-c94d-4f8a-9cd1-c6f331838c94}</UniqueIdentifier>
    </Filter>
  </ItemGroup>
  <ItemGroup>
    <ClInclude Include="stdafx.h" />
    <ClInclude Include="GameApp.h" />
    <ClInclude Include="Sprite.h">
      <Filter>Framework</Filter>
    </ClInclude>
    <ClInclude Include="DrawHelper.h">
      <Filter>Framework</Filter>
    </ClInclude>
    <ClInclude Include="DrawTextHelper.h">
      <Filter>Framework</Filter>
    </ClInclude>
    <ClInclude Include="GameConfig.h" />
    <ClInclude Include="World.h">
      <Filter>World</Filter>
    </ClInclude>
    <ClInclude Include="Character.h">
      <Filter>World</Filter>
    </ClInclude>
    <ClInclude Include="MinimapRender.h">
      <Filter>Framework</Filter>
    </ClInclude>
    <ClInclude Include="IGameState.h">
      <Filter>GameState</Filter>
    </ClInclude>
    <ClInclude Include="GameStateManager.h">
      <Filter>GameState</Filter>
    </ClInclude>
    <ClInclude Include="GameExplorerState.h">
      <Filter>GameState</Filter>
    </ClInclude>
    <ClInclude Include="Map.h">
      <Filter>World</Filter>
    </ClInclude>
    <ClInclude Include="GameBattleState.h">
      <Filter>GameState</Filter>
    </ClInclude>
    <ClInclude Include="Npc.h">
      <Filter>World</Filter>
    </ClInclude>
    <ClInclude Include="GenerateMap.h">
      <Filter>World\Generator</Filter>
    </ClInclude>
    <ClInclude Include="privateGenerateMap.h">
      <Filter>World\Generator</Filter>
    </ClInclude>
    <ClInclude Include="CoreGameClass.h">
      <Filter>World</Filter>
    </ClInclude>
  </ItemGroup>
  <ItemGroup>
    <None Include="RPG.MD" />
    <None Include="GD.MD" />
  </ItemGroup>
</Project>