<?xml version="1.0" encoding="utf-8"?>
<Project ToolsVersion="4.0" xmlns="http://schemas.microsoft.com/developer/msbuild/2003">
  <ItemGroup>
    <ClCompile Include="main.cpp" />
    <ClCompile Include="stdafx.cpp" />
    <ClCompile Include="..\3rdparty\tiny_obj_loader.cpp">
      <Filter>MicroEngine\3rdparty</Filter>
    </ClCompile>
    <ClCompile Include="..\3rdparty\glfwImpl.c">
      <Filter>MicroEngine\3rdparty</Filter>
    </ClCompile>
    <ClCompile Include="..\3rdparty\stb.cpp">
      <Filter>MicroEngine\3rdparty</Filter>
    </ClCompile>
    <ClCompile Include="..\3rdparty\glad\gl.c">
      <Filter>MicroEngine\3rdparty</Filter>
    </ClCompile>
    <ClCompile Include="EngineImpl.cpp">
      <Filter>MicroEngine</Filter>
    </ClCompile>
    <ClCompile Include="..\3rdparty\GJKImpl.c">
      <Filter>MicroEngine\3rdparty</Filter>
    </ClCompile>
    <ClCompile Include="..\3rdparty\tritri.c">
      <Filter>MicroEngine\3rdparty</Filter>
    </ClCompile>
    <ClCompile Include="..\3rdparty\coldet2Impl.cpp">
      <Filter>MicroEngine\3rdparty</Filter>
    </ClCompile>
    <ClCompile Include="Sprite.cpp">
      <Filter>Framework</Filter>
    </ClCompile>
    <ClCompile Include="DrawHelper.cpp">
      <Filter>Framework</Filter>
    </ClCompile>
    <ClCompile Include="DrawTextHelper.cpp">
      <Filter>Framework</Filter>
    </ClCompile>
    <ClCompile Include="World.cpp">
      <Filter>World</Filter>
    </ClCompile>
    <ClCompile Include="Character.cpp">
      <Filter>World</Filter>
    </ClCompile>
    <ClCompile Include="GenerateMap.cpp">
      <Filter>World</Filter>
    </ClCompile>
    <ClCompile Include="privateGenerateMap.cpp">
      <Filter>World</Filter>
    </ClCompile>
  </ItemGroup>
  <ItemGroup>
    <Filter Include="MicroEngine">
      <UniqueIdentifier>{9226570f-0c72-4013-b454-0697f540be56}</UniqueIdentifier>
    </Filter>
    <Filter Include="MicroEngine\3rdparty">
      <UniqueIdentifier>{86a6bab6-665f-43ea-ad04-d04d22e7bc8f}</UniqueIdentifier>
    </Filter>
    <Filter Include="Framework">
      <UniqueIdentifier>{ed00eadf-d9b7-4dca-b0df-4faab038f764}</UniqueIdentifier>
    </Filter>
    <Filter Include="World">
      <UniqueIdentifier>{0569972e-b30b-4477-ab6e-77301fce67c2}</UniqueIdentifier>
    </Filter>
  </ItemGroup>
  <ItemGroup>
    <ClInclude Include="stdafx.h" />
    <ClInclude Include="GameApp.h" />
    <ClInclude Include="Sprite.h">
      <Filter>Framework</Filter>
    </ClInclude>
    <ClInclude Include="DrawHelper.h">
      <Filter>Framework</Filter>
    </ClInclude>
    <ClInclude Include="DrawTextHelper.h">
      <Filter>Framework</Filter>
    </ClInclude>
    <ClInclude Include="GameConfig.h" />
    <ClInclude Include="World.h">
      <Filter>World</Filter>
    </ClInclude>
    <ClInclude Include="Character.h">
      <Filter>World</Filter>
    </ClInclude>
    <ClInclude Include="GenerateMap.h">
      <Filter>World</Filter>
    </ClInclude>
    <ClInclude Include="privateGenerateMap.h">
      <Filter>World</Filter>
    </ClInclude>
  </ItemGroup>
</Project>