
Microsoft Visual Studio Solution File, Format Version 12.00
# Visual Studio Version 17
VisualStudioVersion = 17.3.32929.385
MinimumVisualStudioVersion = 10.0.40219.1
Project("{8BC9CEB8-8B4A-11D0-8D11-00A0C91BC942}") = "Game", "Game\Game.vcxproj", "{46A22E9A-B4EC-47E1-9BA1-FA629887023A}"
	ProjectSection(ProjectDependencies) = postProject
		{96CF5A63-6FF9-472E-9E2E-F0C64DDB26AB} = {96CF5A63-6FF9-472E-9E2E-F0C64DDB26AB}
		{C3C2F010-EF1C-4593-A348-FE7D34722D34} = {C3C2F010-EF1C-4593-A348-FE7D34722D34}
	EndProjectSection
EndProject
Project("{2150E333-8FDC-42A3-9474-1A3956D46DE8}") = "DOC", "DOC", "{14233A5C-47ED-400C-A9AC-B926F5EB2F4A}"
	ProjectSection(SolutionItems) = preProject
		idea.md = idea.md
		refEngine.md = refEngine.md
		refStyle.md = refStyle.md
		TODO.md = TODO.md
		WebGame.md = WebGame.md
	EndProjectSection
EndProject
Project("{8BC9CEB8-8B4A-11D0-8D11-00A0C91BC942}") = "FirstRPG", "FirstRPG\FirstRPG.vcxproj", "{64C1D668-DD4A-4C09-8F1D-D74DE20F5189}"
	ProjectSection(ProjectDependencies) = postProject
		{96CF5A63-6FF9-472E-9E2E-F0C64DDB26AB} = {96CF5A63-6FF9-472E-9E2E-F0C64DDB26AB}
		{C3C2F010-EF1C-4593-A348-FE7D34722D34} = {C3C2F010-EF1C-4593-A348-FE7D34722D34}
	EndProjectSection
EndProject
Project("{8BC9CEB8-8B4A-11D0-8D11-00A0C91BC942}") = "FlyingFantasy", "FlyingFantasy\FlyingFantasy.vcxproj", "{826751FE-4FCB-4177-A083-9C31347D8ED5}"
	ProjectSection(ProjectDependencies) = postProject
		{96CF5A63-6FF9-472E-9E2E-F0C64DDB26AB} = {96CF5A63-6FF9-472E-9E2E-F0C64DDB26AB}
		{C3C2F010-EF1C-4593-A348-FE7D34722D34} = {C3C2F010-EF1C-4593-A348-FE7D34722D34}
	EndProjectSection
EndProject
Project("{8BC9CEB8-8B4A-11D0-8D11-00A0C91BC942}") = "Roguelike", "Roguelike\Roguelike.vcxproj", "{C6EF5B9F-7999-442D-925A-B7A179732FB6}"
	ProjectSection(ProjectDependencies) = postProject
		{96CF5A63-6FF9-472E-9E2E-F0C64DDB26AB} = {96CF5A63-6FF9-472E-9E2E-F0C64DDB26AB}
		{C3C2F010-EF1C-4593-A348-FE7D34722D34} = {C3C2F010-EF1C-4593-A348-FE7D34722D34}
	EndProjectSection
EndProject
Project("{8BC9CEB8-8B4A-11D0-8D11-00A0C91BC942}") = "MicroEngine", "MicroEngine\MicroEngine.vcxproj", "{C3C2F010-EF1C-4593-A348-FE7D34722D34}"
EndProject
Project("{8BC9CEB8-8B4A-11D0-8D11-00A0C91BC942}") = "3rdparty", "3rdparty\3rdparty.vcxproj", "{96CF5A63-6FF9-472E-9E2E-F0C64DDB26AB}"
EndProject
Project("{2150E333-8FDC-42A3-9474-1A3956D46DE8}") = "Engine", "Engine", "{3D8EA65E-8316-42B1-B2A1-5348CBBCFB16}"
EndProject
Project("{2150E333-8FDC-42A3-9474-1A3956D46DE8}") = "Project", "Project", "{B19916C8-D1AF-4DD3-BAED-EDFB0E83CAA8}"
EndProject
Project("{8BC9CEB8-8B4A-11D0-8D11-00A0C91BC942}") = "IsekaiWorld", "IsekaiWorld\IsekaiWorld.vcxproj", "{D1B165A9-904F-4A57-8400-A20072AFFCBC}"
EndProject
Global
	GlobalSection(SolutionConfigurationPlatforms) = preSolution
		Debug|x64 = Debug|x64
		Debug|x86 = Debug|x86
		Release|x64 = Release|x64
		Release|x86 = Release|x86
	EndGlobalSection
	GlobalSection(ProjectConfigurationPlatforms) = postSolution
		{46A22E9A-B4EC-47E1-9BA1-FA629887023A}.Debug|x64.ActiveCfg = Debug|x64
		{46A22E9A-B4EC-47E1-9BA1-FA629887023A}.Debug|x64.Build.0 = Debug|x64
		{46A22E9A-B4EC-47E1-9BA1-FA629887023A}.Debug|x86.ActiveCfg = Debug|Win32
		{46A22E9A-B4EC-47E1-9BA1-FA629887023A}.Debug|x86.Build.0 = Debug|Win32
		{46A22E9A-B4EC-47E1-9BA1-FA629887023A}.Release|x64.ActiveCfg = Release|x64
		{46A22E9A-B4EC-47E1-9BA1-FA629887023A}.Release|x64.Build.0 = Release|x64
		{46A22E9A-B4EC-47E1-9BA1-FA629887023A}.Release|x86.ActiveCfg = Release|Win32
		{46A22E9A-B4EC-47E1-9BA1-FA629887023A}.Release|x86.Build.0 = Release|Win32
		{64C1D668-DD4A-4C09-8F1D-D74DE20F5189}.Debug|x64.ActiveCfg = Debug|x64
		{64C1D668-DD4A-4C09-8F1D-D74DE20F5189}.Debug|x64.Build.0 = Debug|x64
		{64C1D668-DD4A-4C09-8F1D-D74DE20F5189}.Debug|x86.ActiveCfg = Debug|Win32
		{64C1D668-DD4A-4C09-8F1D-D74DE20F5189}.Debug|x86.Build.0 = Debug|Win32
		{64C1D668-DD4A-4C09-8F1D-D74DE20F5189}.Release|x64.ActiveCfg = Release|x64
		{64C1D668-DD4A-4C09-8F1D-D74DE20F5189}.Release|x64.Build.0 = Release|x64
		{64C1D668-DD4A-4C09-8F1D-D74DE20F5189}.Release|x86.ActiveCfg = Release|Win32
		{64C1D668-DD4A-4C09-8F1D-D74DE20F5189}.Release|x86.Build.0 = Release|Win32
		{826751FE-4FCB-4177-A083-9C31347D8ED5}.Debug|x64.ActiveCfg = Debug|x64
		{826751FE-4FCB-4177-A083-9C31347D8ED5}.Debug|x64.Build.0 = Debug|x64
		{826751FE-4FCB-4177-A083-9C31347D8ED5}.Debug|x86.ActiveCfg = Debug|Win32
		{826751FE-4FCB-4177-A083-9C31347D8ED5}.Debug|x86.Build.0 = Debug|Win32
		{826751FE-4FCB-4177-A083-9C31347D8ED5}.Release|x64.ActiveCfg = Release|x64
		{826751FE-4FCB-4177-A083-9C31347D8ED5}.Release|x64.Build.0 = Release|x64
		{826751FE-4FCB-4177-A083-9C31347D8ED5}.Release|x86.ActiveCfg = Release|Win32
		{826751FE-4FCB-4177-A083-9C31347D8ED5}.Release|x86.Build.0 = Release|Win32
		{C6EF5B9F-7999-442D-925A-B7A179732FB6}.Debug|x64.ActiveCfg = Debug|x64
		{C6EF5B9F-7999-442D-925A-B7A179732FB6}.Debug|x64.Build.0 = Debug|x64
		{C6EF5B9F-7999-442D-925A-B7A179732FB6}.Debug|x86.ActiveCfg = Debug|Win32
		{C6EF5B9F-7999-442D-925A-B7A179732FB6}.Debug|x86.Build.0 = Debug|Win32
		{C6EF5B9F-7999-442D-925A-B7A179732FB6}.Release|x64.ActiveCfg = Release|x64
		{C6EF5B9F-7999-442D-925A-B7A179732FB6}.Release|x64.Build.0 = Release|x64
		{C6EF5B9F-7999-442D-925A-B7A179732FB6}.Release|x86.ActiveCfg = Release|Win32
		{C6EF5B9F-7999-442D-925A-B7A179732FB6}.Release|x86.Build.0 = Release|Win32
		{C3C2F010-EF1C-4593-A348-FE7D34722D34}.Debug|x64.ActiveCfg = Debug|x64
		{C3C2F010-EF1C-4593-A348-FE7D34722D34}.Debug|x64.Build.0 = Debug|x64
		{C3C2F010-EF1C-4593-A348-FE7D34722D34}.Debug|x86.ActiveCfg = Debug|Win32
		{C3C2F010-EF1C-4593-A348-FE7D34722D34}.Debug|x86.Build.0 = Debug|Win32
		{C3C2F010-EF1C-4593-A348-FE7D34722D34}.Release|x64.ActiveCfg = Release|x64
		{C3C2F010-EF1C-4593-A348-FE7D34722D34}.Release|x64.Build.0 = Release|x64
		{C3C2F010-EF1C-4593-A348-FE7D34722D34}.Release|x86.ActiveCfg = Release|Win32
		{C3C2F010-EF1C-4593-A348-FE7D34722D34}.Release|x86.Build.0 = Release|Win32
		{96CF5A63-6FF9-472E-9E2E-F0C64DDB26AB}.Debug|x64.ActiveCfg = Debug|x64
		{96CF5A63-6FF9-472E-9E2E-F0C64DDB26AB}.Debug|x64.Build.0 = Debug|x64
		{96CF5A63-6FF9-472E-9E2E-F0C64DDB26AB}.Debug|x86.ActiveCfg = Debug|Win32
		{96CF5A63-6FF9-472E-9E2E-F0C64DDB26AB}.Debug|x86.Build.0 = Debug|Win32
		{96CF5A63-6FF9-472E-9E2E-F0C64DDB26AB}.Release|x64.ActiveCfg = Release|x64
		{96CF5A63-6FF9-472E-9E2E-F0C64DDB26AB}.Release|x64.Build.0 = Release|x64
		{96CF5A63-6FF9-472E-9E2E-F0C64DDB26AB}.Release|x86.ActiveCfg = Release|Win32
		{96CF5A63-6FF9-472E-9E2E-F0C64DDB26AB}.Release|x86.Build.0 = Release|Win32
		{D1B165A9-904F-4A57-8400-A20072AFFCBC}.Debug|x64.ActiveCfg = Debug|x64
		{D1B165A9-904F-4A57-8400-A20072AFFCBC}.Debug|x64.Build.0 = Debug|x64
		{D1B165A9-904F-4A57-8400-A20072AFFCBC}.Debug|x86.ActiveCfg = Debug|Win32
		{D1B165A9-904F-4A57-8400-A20072AFFCBC}.Debug|x86.Build.0 = Debug|Win32
		{D1B165A9-904F-4A57-8400-A20072AFFCBC}.Release|x64.ActiveCfg = Release|x64
		{D1B165A9-904F-4A57-8400-A20072AFFCBC}.Release|x64.Build.0 = Release|x64
		{D1B165A9-904F-4A57-8400-A20072AFFCBC}.Release|x86.ActiveCfg = Release|Win32
		{D1B165A9-904F-4A57-8400-A20072AFFCBC}.Release|x86.Build.0 = Release|Win32
	EndGlobalSection
	GlobalSection(SolutionProperties) = preSolution
		HideSolutionNode = FALSE
	EndGlobalSection
	GlobalSection(NestedProjects) = preSolution
		{46A22E9A-B4EC-47E1-9BA1-FA629887023A} = {B19916C8-D1AF-4DD3-BAED-EDFB0E83CAA8}
		{64C1D668-DD4A-4C09-8F1D-D74DE20F5189} = {B19916C8-D1AF-4DD3-BAED-EDFB0E83CAA8}
		{826751FE-4FCB-4177-A083-9C31347D8ED5} = {B19916C8-D1AF-4DD3-BAED-EDFB0E83CAA8}
		{C6EF5B9F-7999-442D-925A-B7A179732FB6} = {B19916C8-D1AF-4DD3-BAED-EDFB0E83CAA8}
		{C3C2F010-EF1C-4593-A348-FE7D34722D34} = {3D8EA65E-8316-42B1-B2A1-5348CBBCFB16}
		{96CF5A63-6FF9-472E-9E2E-F0C64DDB26AB} = {3D8EA65E-8316-42B1-B2A1-5348CBBCFB16}
	EndGlobalSection
	GlobalSection(ExtensibilityGlobals) = postSolution
		SolutionGuid = {0DEE4486-6C57-49DB-A388-FB561A008066}
	EndGlobalSection
EndGlobal
